// !$*UTF8*$!
{
	archiveVersion = 1;
	classes = {
	};
	objectVersion = 52;
	objects = {

/* Begin PBXBuildFile section */
		00F477B6FC584EBCB1F34030 /* WebKit.framework in Frameworks */ = {isa = PBXBuildFile; fileRef = 922EF128476A44E39DF12278 /* WebKit.framework */; settings = {ATTRIBUTES = (Weak, ); }; };
		0207DA581B56EA530066E2B4 /* Assets.xcassets in Resources */ = {isa = PBXBuildFile; fileRef = 0207DA571B56EA530066E2B4 /* Assets.xcassets */; };
		048B72237722488CAEF80162 /* APPPrinterItem.m in Sources */ = {isa = PBXBuildFile; fileRef = 3E215F62B0834D9790785637 /* APPPrinterItem.m */; };
		0932A71114224C88BB4E56A7 /* SQLitePlugin.m in Sources */ = {isa = PBXBuildFile; fileRef = 307FB275749C47ECA3D82381 /* SQLitePlugin.m */; };
		1D3623260D0F684500981E51 /* AppDelegate.m in Sources */ = {isa = PBXBuildFile; fileRef = 1D3623250D0F684500981E51 /* AppDelegate.m */; };
		1D5A5C40D5FA410B91EA23B8 /* UIImage+CropScaleOrientation.m in Sources */ = {isa = PBXBuildFile; fileRef = BD0272BC8144471C99FF954A /* UIImage+CropScaleOrientation.m */; };
		1D60589B0D05DD56006BFB54 /* main.m in Sources */ = {isa = PBXBuildFile; fileRef = 29B97316FDCFA39411CA2CEA /* main.m */; };
		240501315763475095158637 /* CDVInAppBrowserNavigationController.m in Sources */ = {isa = PBXBuildFile; fileRef = 1105A836F3514EEF9A508BC2 /* CDVInAppBrowserNavigationController.m */; };
		2681BDBDDAC74E65988E4B6E /* AVFoundation.framework in Frameworks */ = {isa = PBXBuildFile; fileRef = C5C961B6F6AE48A0AE915E82 /* AVFoundation.framework */; };
		27AD2ECFDC1C41CD975902CD /* APPPrinterPaper.m in Sources */ = {isa = PBXBuildFile; fileRef = 17223C8AC1AE4590A24DB3C2 /* APPPrinterPaper.m */; };
		301BF552109A68D80062928A /* libCordova.a in Frameworks */ = {isa = PBXBuildFile; fileRef = 301BF535109A57CC0062928A /* libCordova.a */; settings = {ATTRIBUTES = (Required, ); }; };
		302D95F114D2391D003F00A1 /* MainViewController.m in Sources */ = {isa = PBXBuildFile; fileRef = 302D95EF14D2391D003F00A1 /* MainViewController.m */; };
		302D95F214D2391D003F00A1 /* MainViewController.xib in Resources */ = {isa = PBXBuildFile; fileRef = 302D95F014D2391D003F00A1 /* MainViewController.xib */; };
		430397F75F754030973055D5 /* ImageIO.framework in Frameworks */ = {isa = PBXBuildFile; fileRef = FC78E0EC0C9D432E8E3E8EFD /* ImageIO.framework */; settings = {ATTRIBUTES = (Weak, ); }; };
		4E7CA2B6272ABB0D00177EF9 /* config.xml in Copy Staging Resources */ = {isa = PBXBuildFile; fileRef = F840E1F0165FE0F500CFE078 /* config.xml */; };
		4E7CA2B7272ABB0D00177EF9 /* www in Copy Staging Resources */ = {isa = PBXBuildFile; fileRef = 301BF56E109A69640062928A /* www */; };
		5B3D7231B5E64459B0791BD6 /* CDVJpegHeaderWriter.m in Sources */ = {isa = PBXBuildFile; fileRef = 57737B4919BD4FADAF1CC66A /* CDVJpegHeaderWriter.m */; };
		5D6EE67684D0454CBA74ED7E /* CDVInAppBrowserOptions.m in Sources */ = {isa = PBXBuildFile; fileRef = 6457B1459D1A463CB4BB7930 /* CDVInAppBrowserOptions.m */; };
		6041486C35D045A8868082BB /* APPPrinterLayout.m in Sources */ = {isa = PBXBuildFile; fileRef = A938D12133FB4CB09A71A6C7 /* APPPrinterLayout.m */; };
		678AFEA7B40A4E479358A26A /* APPPrinterRenderer.m in Sources */ = {isa = PBXBuildFile; fileRef = 3CC132EF7DD54E69BBA4107C /* APPPrinterRenderer.m */; };
		6AFF5BF91D6E424B00AB3073 /* CDVLaunchScreen.storyboard in Resources */ = {isa = PBXBuildFile; fileRef = 6AFF5BF81D6E424B00AB3073 /* CDVLaunchScreen.storyboard */; };
		821A76D1A6724F59A894179A /* CustomPSPDFThreadSafeMutableDictionary.m in Sources */ = {isa = PBXBuildFile; fileRef = AB97D1D91FB94C19AD76D0DC /* CustomPSPDFThreadSafeMutableDictionary.m */; settings = {COMPILER_FLAGS = "-w"; }; };
		82243AE9A2654CC38B798C7B /* sqlite3.c in Sources */ = {isa = PBXBuildFile; fileRef = 7609D4B3FED5482D8D5C17C1 /* sqlite3.c */; settings = {COMPILER_FLAGS = "-w -DSQLITE_THREADSAFE=1 -DSQLITE_DEFAULT_SYNCHRONOUS=3 -DSQLITE_DEFAULT_MEMSTATUS=0 -DSQLITE_OMIT_DECLTYPE -DSQLITE_OMIT_DEPRECATED -DSQLITE_OMIT_PROGRESS_CALLBACK -DSQLITE_OMIT_SHARED_CACHE -DSQLITE_TEMP_STORE=2 -DSQLITE_OMIT_LOAD_EXTENSION -DSQLITE_ENABLE_FTS3 -DSQLITE_ENABLE_FTS3_PARENTHESIS -DSQLITE_ENABLE_FTS4 -DSQLITE_ENABLE_RTREE -DSQLITE_DEFAULT_PAGE_SIZE=4096"; }; };
		8516844D3FE14FA3A78A029C /* APPPrinterUnit.m in Sources */ = {isa = PBXBuildFile; fileRef = 6E582BE0781E4F4A9DAD5CF2 /* APPPrinterUnit.m */; };
		8C7AB46391174E8B971C307D /* APPPrinter.m in Sources */ = {isa = PBXBuildFile; fileRef = E56BA614A3684B3281D45C3D /* APPPrinter.m */; };
		90B630EF2AECBBD0009EF368 /* PrivacyInfo.xcprivacy in Resources */ = {isa = PBXBuildFile; fileRef = 90B630EE2AECBBD0009EF368 /* PrivacyInfo.xcprivacy */; };
		94C9BF6BEB5B477B818B4545 /* CoreLocation.framework in Frameworks */ = {isa = PBXBuildFile; fileRef = 1558DEF5F2B64ADE8F33D2F6 /* CoreLocation.framework */; };
		A7438B610D8C48B795A085AD /* CDVCamera.m in Sources */ = {isa = PBXBuildFile; fileRef = B39C2B9C5A574C5F87CD16F7 /* CDVCamera.m */; };
		BDC15F999F2F48B48402AAFE /* CDVWKWebViewFileXhr.m in Sources */ = {isa = PBXBuildFile; fileRef = 5E8BCF270665449D8107077B /* CDVWKWebViewFileXhr.m */; };
		BE5E105E1A224A11816F5472 /* CDVWKInAppBrowserUIDelegate.m in Sources */ = {isa = PBXBuildFile; fileRef = 6D44EA510F3941F5AE8B2410 /* CDVWKInAppBrowserUIDelegate.m */; };
		DBD1ADACD8EC40598A89B99F /* CDVWKInAppBrowser.m in Sources */ = {isa = PBXBuildFile; fileRef = C4CF080D998242568831C619 /* CDVWKInAppBrowser.m */; };
		E21ECA13011A489E9ED27E79 /* APPPrinterFont.m in Sources */ = {isa = PBXBuildFile; fileRef = E4728AC490C0447FBD93F5C9 /* APPPrinterFont.m */; };
		E8DA2D3BB8EA4C888D674C04 /* UIPrintInteractionController+APPPrinter.m in Sources */ = {isa = PBXBuildFile; fileRef = 0FA9F8611B444EC8ACB2B209 /* UIPrintInteractionController+APPPrinter.m */; };
		ED450F84DE92465293D9DA8D /* APPPrinterInfo.m in Sources */ = {isa = PBXBuildFile; fileRef = 5DCBE34897BB41A4AAF14BC6 /* APPPrinterInfo.m */; };
/* End PBXBuildFile section */

/* Begin PBXContainerItemProxy section */
		301BF534109A57CC0062928A /* PBXContainerItemProxy */ = {
			isa = PBXContainerItemProxy;
			containerPortal = 301BF52D109A57CC0062928A /* CordovaLib.xcodeproj */;
			proxyType = 2;
			remoteGlobalIDString = D2AAC07E0554694100DB518D;
			remoteInfo = CordovaLib;
		};
		301BF550109A68C00062928A /* PBXContainerItemProxy */ = {
			isa = PBXContainerItemProxy;
			containerPortal = 301BF52D109A57CC0062928A /* CordovaLib.xcodeproj */;
			proxyType = 1;
			remoteGlobalIDString = D2AAC07D0554694100DB518D;
			remoteInfo = CordovaLib;
		};
		907D8123214C687600058A10 /* PBXContainerItemProxy */ = {
			isa = PBXContainerItemProxy;
			containerPortal = 301BF52D109A57CC0062928A /* CordovaLib.xcodeproj */;
			proxyType = 2;
			remoteGlobalIDString = C0C01EB21E3911D50056E6CB;
			remoteInfo = Cordova;
		};
/* End PBXContainerItemProxy section */

/* Begin PBXCopyFilesBuildPhase section */
		857339E32710CC9700A1C74C /* Copy Staging Resources */ = {
			isa = PBXCopyFilesBuildPhase;
			buildActionMask = 2147483647;
			dstPath = "";
			dstSubfolderSpec = 7;
			files = (
				4E7CA2B6272ABB0D00177EF9 /* config.xml in Copy Staging Resources */,
				4E7CA2B7272ABB0D00177EF9 /* www in Copy Staging Resources */,
			);
			name = "Copy Staging Resources";
			runOnlyForDeploymentPostprocessing = 0;
		};
/* End PBXCopyFilesBuildPhase section */

/* Begin PBXFileReference section */
		0007E2F8D598423F9EB0CA9E /* CDVWKInAppBrowser.h */ = {isa = PBXFileReference; explicitFileType = undefined; fileEncoding = 4; includeInIndex = 0; lastKnownFileType = sourcecode.c.h; name = CDVWKInAppBrowser.h; path = "cordova-plugin-inappbrowser/CDVWKInAppBrowser.h"; sourceTree = "<group>"; };
		01170BF191F0495AAAA71CEF /* CDVWKInAppBrowserUIDelegate.h */ = {isa = PBXFileReference; explicitFileType = undefined; fileEncoding = 4; includeInIndex = 0; lastKnownFileType = sourcecode.c.h; name = CDVWKInAppBrowserUIDelegate.h; path = "cordova-plugin-inappbrowser/CDVWKInAppBrowserUIDelegate.h"; sourceTree = "<group>"; };
		0207DA571B56EA530066E2B4 /* Assets.xcassets */ = {isa = PBXFileReference; lastKnownFileType = folder.assetcatalog; path = Assets.xcassets; sourceTree = "<group>"; };
		0E11F236233B4ACBB9E2B6F6 /* APPPrinterPaper.h */ = {isa = PBXFileReference; explicitFileType = undefined; fileEncoding = 4; includeInIndex = 0; lastKnownFileType = sourcecode.c.h; name = APPPrinterPaper.h; path = "cordova-plugin-printer/APPPrinterPaper.h"; sourceTree = "<group>"; };
		0FA9F8611B444EC8ACB2B209 /* UIPrintInteractionController+APPPrinter.m */ = {isa = PBXFileReference; explicitFileType = undefined; fileEncoding = 4; includeInIndex = 0; lastKnownFileType = sourcecode.c.objc; name = "UIPrintInteractionController+APPPrinter.m"; path = "cordova-plugin-printer/UIPrintInteractionController+APPPrinter.m"; sourceTree = "<group>"; };
		1105A836F3514EEF9A508BC2 /* CDVInAppBrowserNavigationController.m */ = {isa = PBXFileReference; explicitFileType = undefined; fileEncoding = 4; includeInIndex = 0; lastKnownFileType = sourcecode.c.objc; name = CDVInAppBrowserNavigationController.m; path = "cordova-plugin-inappbrowser/CDVInAppBrowserNavigationController.m"; sourceTree = "<group>"; };
		1558DEF5F2B64ADE8F33D2F6 /* CoreLocation.framework */ = {isa = PBXFileReference; explicitFileType = undefined; fileEncoding = 9; includeInIndex = 0; lastKnownFileType = wrapper.framework; name = CoreLocation.framework; path = System/Library/Frameworks/CoreLocation.framework; sourceTree = SDKROOT; };
		17223C8AC1AE4590A24DB3C2 /* APPPrinterPaper.m */ = {isa = PBXFileReference; explicitFileType = undefined; fileEncoding = 4; includeInIndex = 0; lastKnownFileType = sourcecode.c.objc; name = APPPrinterPaper.m; path = "cordova-plugin-printer/APPPrinterPaper.m"; sourceTree = "<group>"; };
		1D3623240D0F684500981E51 /* AppDelegate.h */ = {isa = PBXFileReference; fileEncoding = 4; lastKnownFileType = sourcecode.c.h; path = AppDelegate.h; sourceTree = "<group>"; };
		1D3623250D0F684500981E51 /* AppDelegate.m */ = {isa = PBXFileReference; fileEncoding = 4; lastKnownFileType = sourcecode.c.objc; path = AppDelegate.m; sourceTree = "<group>"; };
		1D6058910D05DD3D006BFB54 /* WeSign QA.app */ = {isa = PBXFileReference; explicitFileType = wrapper.application; includeInIndex = 0; path = "WeSign QA.app"; sourceTree = BUILT_PRODUCTS_DIR; };
		29B97316FDCFA39411CA2CEA /* main.m */ = {isa = PBXFileReference; fileEncoding = 4; lastKnownFileType = sourcecode.c.objc; path = main.m; sourceTree = "<group>"; };
		2B72848BA6BA4F13A6BD7AAF /* APPPrinter.h */ = {isa = PBXFileReference; explicitFileType = undefined; fileEncoding = 4; includeInIndex = 0; lastKnownFileType = sourcecode.c.h; name = APPPrinter.h; path = "cordova-plugin-printer/APPPrinter.h"; sourceTree = "<group>"; };
		301BF52D109A57CC0062928A /* CordovaLib.xcodeproj */ = {isa = PBXFileReference; lastKnownFileType = "wrapper.pb-project"; name = CordovaLib.xcodeproj; path = CordovaLib/CordovaLib.xcodeproj; sourceTree = "<group>"; };
		301BF56E109A69640062928A /* www */ = {isa = PBXFileReference; lastKnownFileType = folder; path = www; sourceTree = SOURCE_ROOT; };
		302D95EE14D2391D003F00A1 /* MainViewController.h */ = {isa = PBXFileReference; fileEncoding = 4; lastKnownFileType = sourcecode.c.h; path = MainViewController.h; sourceTree = "<group>"; };
		302D95EF14D2391D003F00A1 /* MainViewController.m */ = {isa = PBXFileReference; fileEncoding = 4; lastKnownFileType = sourcecode.c.objc; path = MainViewController.m; sourceTree = "<group>"; };
		302D95F014D2391D003F00A1 /* MainViewController.xib */ = {isa = PBXFileReference; fileEncoding = 4; lastKnownFileType = file.xib; path = MainViewController.xib; sourceTree = "<group>"; };
		3047A50F1AB8059700498E2A /* build-debug.xcconfig */ = {isa = PBXFileReference; fileEncoding = 4; lastKnownFileType = text.xcconfig; name = "build-debug.xcconfig"; path = "cordova/build-debug.xcconfig"; sourceTree = SOURCE_ROOT; };
		3047A5101AB8059700498E2A /* build-release.xcconfig */ = {isa = PBXFileReference; fileEncoding = 4; lastKnownFileType = text.xcconfig; name = "build-release.xcconfig"; path = "cordova/build-release.xcconfig"; sourceTree = SOURCE_ROOT; };
		3047A5111AB8059700498E2A /* build.xcconfig */ = {isa = PBXFileReference; fileEncoding = 4; lastKnownFileType = text.xcconfig; name = build.xcconfig; path = cordova/build.xcconfig; sourceTree = SOURCE_ROOT; };
		307FB275749C47ECA3D82381 /* SQLitePlugin.m */ = {isa = PBXFileReference; explicitFileType = undefined; fileEncoding = 4; includeInIndex = 0; lastKnownFileType = sourcecode.c.objc; name = SQLitePlugin.m; path = "cordova-sqlite-storage/SQLitePlugin.m"; sourceTree = "<group>"; };
		325446D4374248B28363077C /* CDVExif.h */ = {isa = PBXFileReference; explicitFileType = undefined; fileEncoding = 4; includeInIndex = 0; lastKnownFileType = sourcecode.c.h; name = CDVExif.h; path = "cordova-plugin-camera/CDVExif.h"; sourceTree = "<group>"; };
		32CA4F630368D1EE00C91783 /* WeSign QA-Prefix.pch */ = {isa = PBXFileReference; fileEncoding = 4; lastKnownFileType = sourcecode.c.h; path = "WeSign QA-Prefix.pch"; sourceTree = "<group>"; };
		3CC132EF7DD54E69BBA4107C /* APPPrinterRenderer.m */ = {isa = PBXFileReference; explicitFileType = undefined; fileEncoding = 4; includeInIndex = 0; lastKnownFileType = sourcecode.c.objc; name = APPPrinterRenderer.m; path = "cordova-plugin-printer/APPPrinterRenderer.m"; sourceTree = "<group>"; };
		3E215F62B0834D9790785637 /* APPPrinterItem.m */ = {isa = PBXFileReference; explicitFileType = undefined; fileEncoding = 4; includeInIndex = 0; lastKnownFileType = sourcecode.c.objc; name = APPPrinterItem.m; path = "cordova-plugin-printer/APPPrinterItem.m"; sourceTree = "<group>"; };
		57737B4919BD4FADAF1CC66A /* CDVJpegHeaderWriter.m */ = {isa = PBXFileReference; explicitFileType = undefined; fileEncoding = 4; includeInIndex = 0; lastKnownFileType = sourcecode.c.objc; name = CDVJpegHeaderWriter.m; path = "cordova-plugin-camera/CDVJpegHeaderWriter.m"; sourceTree = "<group>"; };
		59AC597AF22D4292B08E9143 /* CDVCamera.h */ = {isa = PBXFileReference; explicitFileType = undefined; fileEncoding = 4; includeInIndex = 0; lastKnownFileType = sourcecode.c.h; name = CDVCamera.h; path = "cordova-plugin-camera/CDVCamera.h"; sourceTree = "<group>"; };
		5DCBE34897BB41A4AAF14BC6 /* APPPrinterInfo.m */ = {isa = PBXFileReference; explicitFileType = undefined; fileEncoding = 4; includeInIndex = 0; lastKnownFileType = sourcecode.c.objc; name = APPPrinterInfo.m; path = "cordova-plugin-printer/APPPrinterInfo.m"; sourceTree = "<group>"; };
		5E8BCF270665449D8107077B /* CDVWKWebViewFileXhr.m */ = {isa = PBXFileReference; explicitFileType = undefined; fileEncoding = 4; includeInIndex = 0; lastKnownFileType = sourcecode.c.objc; name = CDVWKWebViewFileXhr.m; path = "cordova-plugin-wkwebview-file-xhr/CDVWKWebViewFileXhr.m"; sourceTree = "<group>"; };
		6457B1459D1A463CB4BB7930 /* CDVInAppBrowserOptions.m */ = {isa = PBXFileReference; explicitFileType = undefined; fileEncoding = 4; includeInIndex = 0; lastKnownFileType = sourcecode.c.objc; name = CDVInAppBrowserOptions.m; path = "cordova-plugin-inappbrowser/CDVInAppBrowserOptions.m"; sourceTree = "<group>"; };
		67FC388CCA6A4D75ADB916EC /* CDVInAppBrowserOptions.h */ = {isa = PBXFileReference; explicitFileType = undefined; fileEncoding = 4; includeInIndex = 0; lastKnownFileType = sourcecode.c.h; name = CDVInAppBrowserOptions.h; path = "cordova-plugin-inappbrowser/CDVInAppBrowserOptions.h"; sourceTree = "<group>"; };
		6AFF5BF81D6E424B00AB3073 /* CDVLaunchScreen.storyboard */ = {isa = PBXFileReference; fileEncoding = 4; lastKnownFileType = file.storyboard; path = CDVLaunchScreen.storyboard; sourceTree = "<group>"; };
		6CFDF62F3F12416081835E90 /* sqlite3.h */ = {isa = PBXFileReference; explicitFileType = undefined; fileEncoding = 4; includeInIndex = 0; lastKnownFileType = sourcecode.c.h; name = sqlite3.h; path = "cordova-sqlite-storage/sqlite3.h"; sourceTree = "<group>"; };
		6D44EA510F3941F5AE8B2410 /* CDVWKInAppBrowserUIDelegate.m */ = {isa = PBXFileReference; explicitFileType = undefined; fileEncoding = 4; includeInIndex = 0; lastKnownFileType = sourcecode.c.objc; name = CDVWKInAppBrowserUIDelegate.m; path = "cordova-plugin-inappbrowser/CDVWKInAppBrowserUIDelegate.m"; sourceTree = "<group>"; };
		6DA2277F73B8479496DABF14 /* APPPrinterRenderer.h */ = {isa = PBXFileReference; explicitFileType = undefined; fileEncoding = 4; includeInIndex = 0; lastKnownFileType = sourcecode.c.h; name = APPPrinterRenderer.h; path = "cordova-plugin-printer/APPPrinterRenderer.h"; sourceTree = "<group>"; };
		6E582BE0781E4F4A9DAD5CF2 /* APPPrinterUnit.m */ = {isa = PBXFileReference; explicitFileType = undefined; fileEncoding = 4; includeInIndex = 0; lastKnownFileType = sourcecode.c.objc; name = APPPrinterUnit.m; path = "cordova-plugin-printer/APPPrinterUnit.m"; sourceTree = "<group>"; };
		7609D4B3FED5482D8D5C17C1 /* sqlite3.c */ = {isa = PBXFileReference; explicitFileType = undefined; fileEncoding = 9; includeInIndex = 0; lastKnownFileType = unknown; name = sqlite3.c; path = "cordova-sqlite-storage/sqlite3.c"; sourceTree = "<group>"; };
		77BB230BAD1C4A5F99EC7686 /* APPPrinterFont.h */ = {isa = PBXFileReference; explicitFileType = undefined; fileEncoding = 4; includeInIndex = 0; lastKnownFileType = sourcecode.c.h; name = APPPrinterFont.h; path = "cordova-plugin-printer/APPPrinterFont.h"; sourceTree = "<group>"; };
		8D1107310486CEB800E47090 /* WeSign QA-Info.plist */ = {isa = PBXFileReference; fileEncoding = 4; lastKnownFileType = text.plist.xml; path = "WeSign QA-Info.plist"; plistStructureDefinitionIdentifier = "com.apple.xcode.plist.structure-definition.iphone.info-plist"; sourceTree = "<group>"; };
		90B630EE2AECBBD0009EF368 /* PrivacyInfo.xcprivacy */ = {isa = PBXFileReference; fileEncoding = 4; lastKnownFileType = text.xml; path = PrivacyInfo.xcprivacy; sourceTree = "<group>"; };
		915F3F51AFA5444DA53E9512 /* CDVWKWebViewFileXhr.h */ = {isa = PBXFileReference; explicitFileType = undefined; fileEncoding = 4; includeInIndex = 0; lastKnownFileType = sourcecode.c.h; name = CDVWKWebViewFileXhr.h; path = "cordova-plugin-wkwebview-file-xhr/CDVWKWebViewFileXhr.h"; sourceTree = "<group>"; };
		922EF128476A44E39DF12278 /* WebKit.framework */ = {isa = PBXFileReference; explicitFileType = undefined; fileEncoding = 9; includeInIndex = 0; lastKnownFileType = wrapper.framework; name = WebKit.framework; path = System/Library/Frameworks/WebKit.framework; sourceTree = SDKROOT; };
		978079B926E94723AEDD3A7F /* APPPrinterLayout.h */ = {isa = PBXFileReference; explicitFileType = undefined; fileEncoding = 4; includeInIndex = 0; lastKnownFileType = sourcecode.c.h; name = APPPrinterLayout.h; path = "cordova-plugin-printer/APPPrinterLayout.h"; sourceTree = "<group>"; };
		A938D12133FB4CB09A71A6C7 /* APPPrinterLayout.m */ = {isa = PBXFileReference; explicitFileType = undefined; fileEncoding = 4; includeInIndex = 0; lastKnownFileType = sourcecode.c.objc; name = APPPrinterLayout.m; path = "cordova-plugin-printer/APPPrinterLayout.m"; sourceTree = "<group>"; };
		AB97D1D91FB94C19AD76D0DC /* CustomPSPDFThreadSafeMutableDictionary.m */ = {isa = PBXFileReference; explicitFileType = undefined; fileEncoding = 4; includeInIndex = 0; lastKnownFileType = sourcecode.c.objc; name = CustomPSPDFThreadSafeMutableDictionary.m; path = "cordova-sqlite-storage/CustomPSPDFThreadSafeMutableDictionary.m"; sourceTree = "<group>"; };
		AD02727940944B0FB57D5F78 /* APPPrinterUnit.h */ = {isa = PBXFileReference; explicitFileType = undefined; fileEncoding = 4; includeInIndex = 0; lastKnownFileType = sourcecode.c.h; name = APPPrinterUnit.h; path = "cordova-plugin-printer/APPPrinterUnit.h"; sourceTree = "<group>"; };
		B23B2DDA2EE64B218A0F7AEE /* APPPrinterItem.h */ = {isa = PBXFileReference; explicitFileType = undefined; fileEncoding = 4; includeInIndex = 0; lastKnownFileType = sourcecode.c.h; name = APPPrinterItem.h; path = "cordova-plugin-printer/APPPrinterItem.h"; sourceTree = "<group>"; };
		B39C2B9C5A574C5F87CD16F7 /* CDVCamera.m */ = {isa = PBXFileReference; explicitFileType = undefined; fileEncoding = 4; includeInIndex = 0; lastKnownFileType = sourcecode.c.objc; name = CDVCamera.m; path = "cordova-plugin-camera/CDVCamera.m"; sourceTree = "<group>"; };
		B3B5123860584798B7BA97CF /* SQLitePlugin.h */ = {isa = PBXFileReference; explicitFileType = undefined; fileEncoding = 4; includeInIndex = 0; lastKnownFileType = sourcecode.c.h; name = SQLitePlugin.h; path = "cordova-sqlite-storage/SQLitePlugin.h"; sourceTree = "<group>"; };
		BD0272BC8144471C99FF954A /* UIImage+CropScaleOrientation.m */ = {isa = PBXFileReference; explicitFileType = undefined; fileEncoding = 4; includeInIndex = 0; lastKnownFileType = sourcecode.c.objc; name = "UIImage+CropScaleOrientation.m"; path = "cordova-plugin-camera/UIImage+CropScaleOrientation.m"; sourceTree = "<group>"; };
		BEB0CE8C4B274DD0A28F741A /* CDVJpegHeaderWriter.h */ = {isa = PBXFileReference; explicitFileType = undefined; fileEncoding = 4; includeInIndex = 0; lastKnownFileType = sourcecode.c.h; name = CDVJpegHeaderWriter.h; path = "cordova-plugin-camera/CDVJpegHeaderWriter.h"; sourceTree = "<group>"; };
		C47362651E134B46A4BADDC2 /* CDVInAppBrowserNavigationController.h */ = {isa = PBXFileReference; explicitFileType = undefined; fileEncoding = 4; includeInIndex = 0; lastKnownFileType = sourcecode.c.h; name = CDVInAppBrowserNavigationController.h; path = "cordova-plugin-inappbrowser/CDVInAppBrowserNavigationController.h"; sourceTree = "<group>"; };
		C4CF080D998242568831C619 /* CDVWKInAppBrowser.m */ = {isa = PBXFileReference; explicitFileType = undefined; fileEncoding = 4; includeInIndex = 0; lastKnownFileType = sourcecode.c.objc; name = CDVWKInAppBrowser.m; path = "cordova-plugin-inappbrowser/CDVWKInAppBrowser.m"; sourceTree = "<group>"; };
		C5C961B6F6AE48A0AE915E82 /* AVFoundation.framework */ = {isa = PBXFileReference; explicitFileType = undefined; fileEncoding = 9; includeInIndex = 0; lastKnownFileType = wrapper.framework; name = AVFoundation.framework; path = System/Library/Frameworks/AVFoundation.framework; sourceTree = SDKROOT; };
		D6CFD84C1E224390905C4FF7 /* APPPrinterInfo.h */ = {isa = PBXFileReference; explicitFileType = undefined; fileEncoding = 4; includeInIndex = 0; lastKnownFileType = sourcecode.c.h; name = APPPrinterInfo.h; path = "cordova-plugin-printer/APPPrinterInfo.h"; sourceTree = "<group>"; };
		D8DA0E0626BD463B8ADB680A /* UIImage+CropScaleOrientation.h */ = {isa = PBXFileReference; explicitFileType = undefined; fileEncoding = 4; includeInIndex = 0; lastKnownFileType = sourcecode.c.h; name = "UIImage+CropScaleOrientation.h"; path = "cordova-plugin-camera/UIImage+CropScaleOrientation.h"; sourceTree = "<group>"; };
		E4728AC490C0447FBD93F5C9 /* APPPrinterFont.m */ = {isa = PBXFileReference; explicitFileType = undefined; fileEncoding = 4; includeInIndex = 0; lastKnownFileType = sourcecode.c.objc; name = APPPrinterFont.m; path = "cordova-plugin-printer/APPPrinterFont.m"; sourceTree = "<group>"; };
		E56BA614A3684B3281D45C3D /* APPPrinter.m */ = {isa = PBXFileReference; explicitFileType = undefined; fileEncoding = 4; includeInIndex = 0; lastKnownFileType = sourcecode.c.objc; name = APPPrinter.m; path = "cordova-plugin-printer/APPPrinter.m"; sourceTree = "<group>"; };
		E8E12FFD02B74D578801A9B3 /* UIPrintInteractionController+APPPrinter.h */ = {isa = PBXFileReference; explicitFileType = undefined; fileEncoding = 4; includeInIndex = 0; lastKnownFileType = sourcecode.c.h; name = "UIPrintInteractionController+APPPrinter.h"; path = "cordova-plugin-printer/UIPrintInteractionController+APPPrinter.h"; sourceTree = "<group>"; };
		EB87FDF31871DA8E0020F90C /* www */ = {isa = PBXFileReference; lastKnownFileType = folder; name = www; path = ../../www; sourceTree = "<group>"; };
		EB87FDF41871DAF40020F90C /* config.xml */ = {isa = PBXFileReference; lastKnownFileType = text.xml; name = config.xml; path = ../../config.xml; sourceTree = "<group>"; };
		ED33DF2A687741AEAF9F8254 /* Bridging-Header.h */ = {isa = PBXFileReference; fileEncoding = 4; lastKnownFileType = sourcecode.c.h; path = "Bridging-Header.h"; sourceTree = "<group>"; };
		F840E1F0165FE0F500CFE078 /* config.xml */ = {isa = PBXFileReference; lastKnownFileType = text.xml; name = config.xml; path = "WeSign QA/config.xml"; sourceTree = "<group>"; };
		FC78E0EC0C9D432E8E3E8EFD /* ImageIO.framework */ = {isa = PBXFileReference; explicitFileType = undefined; fileEncoding = 9; includeInIndex = 0; lastKnownFileType = wrapper.framework; name = ImageIO.framework; path = System/Library/Frameworks/ImageIO.framework; sourceTree = SDKROOT; };
/* End PBXFileReference section */

/* Begin PBXFrameworksBuildPhase section */
		1D60588F0D05DD3D006BFB54 /* Frameworks */ = {
			isa = PBXFrameworksBuildPhase;
			buildActionMask = 2147483647;
			files = (
				301BF552109A68D80062928A /* libCordova.a in Frameworks */,
				430397F75F754030973055D5 /* ImageIO.framework in Frameworks */,
				94C9BF6BEB5B477B818B4545 /* CoreLocation.framework in Frameworks */,
				2681BDBDDAC74E65988E4B6E /* AVFoundation.framework in Frameworks */,
				00F477B6FC584EBCB1F34030 /* WebKit.framework in Frameworks */,
			);
			runOnlyForDeploymentPostprocessing = 0;
		};
/* End PBXFrameworksBuildPhase section */

/* Begin PBXGroup section */
		19C28FACFE9D520D11CA2CBB /* Products */ = {
			isa = PBXGroup;
			children = (
				1D6058910D05DD3D006BFB54 /* WeSign QA.app */,
			);
			name = Products;
			sourceTree = "<group>";
		};
		29B97314FDCFA39411CA2CEA /* CustomTemplate */ = {
			isa = PBXGroup;
			children = (
				EB87FDF41871DAF40020F90C /* config.xml */,
				3047A50E1AB8057F00498E2A /* config */,
				EB87FDF31871DA8E0020F90C /* www */,
				EB87FDF11871DA420020F90C /* Staging */,
				301BF52D109A57CC0062928A /* CordovaLib.xcodeproj */,
				29B97315FDCFA39411CA2CEA /* WeSign QA */,
				307C750510C5A3420062BCA9 /* Plugins */,
				29B97317FDCFA39411CA2CEA /* Resources */,
				29B97323FDCFA39411CA2CEA /* Frameworks */,
				19C28FACFE9D520D11CA2CBB /* Products */,
			);
			name = CustomTemplate;
			sourceTree = "<group>";
		};
		29B97315FDCFA39411CA2CEA /* WeSign QA */ = {
			isa = PBXGroup;
			children = (
				90B630EE2AECBBD0009EF368 /* PrivacyInfo.xcprivacy */,
				8D1107310486CEB800E47090 /* WeSign QA-Info.plist */,
				32CA4F630368D1EE00C91783 /* WeSign QA-Prefix.pch */,
				6AFF5BF81D6E424B00AB3073 /* CDVLaunchScreen.storyboard */,
				0207DA571B56EA530066E2B4 /* Assets.xcassets */,
				ED33DF2A687741AEAF9F8254 /* Bridging-Header.h */,
				302D95EE14D2391D003F00A1 /* MainViewController.h */,
				302D95EF14D2391D003F00A1 /* MainViewController.m */,
				302D95F014D2391D003F00A1 /* MainViewController.xib */,
				1D3623240D0F684500981E51 /* AppDelegate.h */,
				1D3623250D0F684500981E51 /* AppDelegate.m */,
				29B97316FDCFA39411CA2CEA /* main.m */,
			);
			path = "WeSign QA";
			sourceTree = "<group>";
		};
		29B97317FDCFA39411CA2CEA /* Resources */ = {
			isa = PBXGroup;
			children = (
			);
			name = Resources;
			path = "WeSign QA/Resources";
			sourceTree = "<group>";
		};
		29B97323FDCFA39411CA2CEA /* Frameworks */ = {
			isa = PBXGroup;
			children = (
				FC78E0EC0C9D432E8E3E8EFD /* ImageIO.framework */,
				1558DEF5F2B64ADE8F33D2F6 /* CoreLocation.framework */,
				C5C961B6F6AE48A0AE915E82 /* AVFoundation.framework */,
				922EF128476A44E39DF12278 /* WebKit.framework */,
			);
			name = Frameworks;
			sourceTree = "<group>";
		};
		301BF52E109A57CC0062928A /* Products */ = {
			isa = PBXGroup;
			children = (
				301BF535109A57CC0062928A /* libCordova.a */,
				907D8124214C687600058A10 /* Cordova.framework */,
			);
			name = Products;
			sourceTree = "<group>";
		};
		3047A50E1AB8057F00498E2A /* config */ = {
			isa = PBXGroup;
			children = (
				3047A50F1AB8059700498E2A /* build-debug.xcconfig */,
				3047A5101AB8059700498E2A /* build-release.xcconfig */,
				3047A5111AB8059700498E2A /* build.xcconfig */,
			);
			name = config;
			sourceTree = "<group>";
		};
		307C750510C5A3420062BCA9 /* Plugins */ = {
			isa = PBXGroup;
			children = (
				BD0272BC8144471C99FF954A /* UIImage+CropScaleOrientation.m */,
				B39C2B9C5A574C5F87CD16F7 /* CDVCamera.m */,
				57737B4919BD4FADAF1CC66A /* CDVJpegHeaderWriter.m */,
				D8DA0E0626BD463B8ADB680A /* UIImage+CropScaleOrientation.h */,
				59AC597AF22D4292B08E9143 /* CDVCamera.h */,
				BEB0CE8C4B274DD0A28F741A /* CDVJpegHeaderWriter.h */,
				325446D4374248B28363077C /* CDVExif.h */,
				6457B1459D1A463CB4BB7930 /* CDVInAppBrowserOptions.m */,
				1105A836F3514EEF9A508BC2 /* CDVInAppBrowserNavigationController.m */,
				C4CF080D998242568831C619 /* CDVWKInAppBrowser.m */,
				6D44EA510F3941F5AE8B2410 /* CDVWKInAppBrowserUIDelegate.m */,
				67FC388CCA6A4D75ADB916EC /* CDVInAppBrowserOptions.h */,
				C47362651E134B46A4BADDC2 /* CDVInAppBrowserNavigationController.h */,
				0007E2F8D598423F9EB0CA9E /* CDVWKInAppBrowser.h */,
				01170BF191F0495AAAA71CEF /* CDVWKInAppBrowserUIDelegate.h */,
				E56BA614A3684B3281D45C3D /* APPPrinter.m */,
				5DCBE34897BB41A4AAF14BC6 /* APPPrinterInfo.m */,
				3E215F62B0834D9790785637 /* APPPrinterItem.m */,
				A938D12133FB4CB09A71A6C7 /* APPPrinterLayout.m */,
				17223C8AC1AE4590A24DB3C2 /* APPPrinterPaper.m */,
				3CC132EF7DD54E69BBA4107C /* APPPrinterRenderer.m */,
				E4728AC490C0447FBD93F5C9 /* APPPrinterFont.m */,
				6E582BE0781E4F4A9DAD5CF2 /* APPPrinterUnit.m */,
				0FA9F8611B444EC8ACB2B209 /* UIPrintInteractionController+APPPrinter.m */,
				2B72848BA6BA4F13A6BD7AAF /* APPPrinter.h */,
				D6CFD84C1E224390905C4FF7 /* APPPrinterInfo.h */,
				B23B2DDA2EE64B218A0F7AEE /* APPPrinterItem.h */,
				978079B926E94723AEDD3A7F /* APPPrinterLayout.h */,
				0E11F236233B4ACBB9E2B6F6 /* APPPrinterPaper.h */,
				6DA2277F73B8479496DABF14 /* APPPrinterRenderer.h */,
				77BB230BAD1C4A5F99EC7686 /* APPPrinterFont.h */,
				AD02727940944B0FB57D5F78 /* APPPrinterUnit.h */,
				E8E12FFD02B74D578801A9B3 /* UIPrintInteractionController+APPPrinter.h */,
				5E8BCF270665449D8107077B /* CDVWKWebViewFileXhr.m */,
				915F3F51AFA5444DA53E9512 /* CDVWKWebViewFileXhr.h */,
				307FB275749C47ECA3D82381 /* SQLitePlugin.m */,
				AB97D1D91FB94C19AD76D0DC /* CustomPSPDFThreadSafeMutableDictionary.m */,
				7609D4B3FED5482D8D5C17C1 /* sqlite3.c */,
				B3B5123860584798B7BA97CF /* SQLitePlugin.h */,
				6CFDF62F3F12416081835E90 /* sqlite3.h */,
			);
			name = Plugins;
			path = "WeSign QA/Plugins";
			sourceTree = SOURCE_ROOT;
		};
		EB87FDF11871DA420020F90C /* Staging */ = {
			isa = PBXGroup;
			children = (
				F840E1F0165FE0F500CFE078 /* config.xml */,
				301BF56E109A69640062928A /* www */,
			);
			name = Staging;
			sourceTree = "<group>";
		};
/* End PBXGroup section */

/* Begin PBXNativeTarget section */
		1D6058900D05DD3D006BFB54 /* WeSign QA */ = {
			isa = PBXNativeTarget;
			buildConfigurationList = 1D6058960D05DD3E006BFB54 /* Build configuration list for PBXNativeTarget "WeSign QA" */;
			buildPhases = (
				857339E32710CC9700A1C74C /* Copy Staging Resources */,
				1D60588D0D05DD3D006BFB54 /* Resources */,
				1D60588E0D05DD3D006BFB54 /* Sources */,
				1D60588F0D05DD3D006BFB54 /* Frameworks */,
			);
			buildRules = (
			);
			dependencies = (
				301BF551109A68C00062928A /* PBXTargetDependency */,
			);
			name = "WeSign QA";
			productName = "WeSign QA";
			productReference = 1D6058910D05DD3D006BFB54 /* WeSign QA.app */;
			productType = "com.apple.product-type.application";
		};
/* End PBXNativeTarget section */

/* Begin PBXProject section */
		29B97313FDCFA39411CA2CEA /* Project object */ = {
			isa = PBXProject;
			attributes = {
				LastUpgradeCheck = 1130;
			};
			buildConfigurationList = C01FCF4E08A954540054247B /* Build configuration list for PBXProject "WeSign QA" */;
			compatibilityVersion = "Xcode 11.0";
			developmentRegion = en;
			hasScannedForEncodings = 1;
			knownRegions = (
				en,
				Base,
			);
			mainGroup = 29B97314FDCFA39411CA2CEA /* CustomTemplate */;
			projectDirPath = "";
			projectReferences = (
				{
					ProductGroup = 301BF52E109A57CC0062928A /* Products */;
					ProjectRef = 301BF52D109A57CC0062928A /* CordovaLib.xcodeproj */;
				},
			);
			projectRoot = "";
			targets = (
				1D6058900D05DD3D006BFB54 /* WeSign QA */,
			);
		};
/* End PBXProject section */

/* Begin PBXReferenceProxy section */
		301BF535109A57CC0062928A /* libCordova.a */ = {
			isa = PBXReferenceProxy;
			fileType = archive.ar;
			path = libCordova.a;
			remoteRef = 301BF534109A57CC0062928A /* PBXContainerItemProxy */;
			sourceTree = BUILT_PRODUCTS_DIR;
		};
		907D8124214C687600058A10 /* Cordova.framework */ = {
			isa = PBXReferenceProxy;
			fileType = wrapper.framework;
			path = Cordova.framework;
			remoteRef = 907D8123214C687600058A10 /* PBXContainerItemProxy */;
			sourceTree = BUILT_PRODUCTS_DIR;
		};
/* End PBXReferenceProxy section */

/* Begin PBXResourcesBuildPhase section */
		1D60588D0D05DD3D006BFB54 /* Resources */ = {
			isa = PBXResourcesBuildPhase;
			buildActionMask = 2147483647;
			files = (
				302D95F214D2391D003F00A1 /* MainViewController.xib in Resources */,
				0207DA581B56EA530066E2B4 /* Assets.xcassets in Resources */,
				90B630EF2AECBBD0009EF368 /* PrivacyInfo.xcprivacy in Resources */,
				6AFF5BF91D6E424B00AB3073 /* CDVLaunchScreen.storyboard in Resources */,
			);
			runOnlyForDeploymentPostprocessing = 0;
		};
/* End PBXResourcesBuildPhase section */

/* Begin PBXSourcesBuildPhase section */
		1D60588E0D05DD3D006BFB54 /* Sources */ = {
			isa = PBXSourcesBuildPhase;
			buildActionMask = 2147483647;
			files = (
				1D60589B0D05DD56006BFB54 /* main.m in Sources */,
				1D3623260D0F684500981E51 /* AppDelegate.m in Sources */,
				302D95F114D2391D003F00A1 /* MainViewController.m in Sources */,
				1D5A5C40D5FA410B91EA23B8 /* UIImage+CropScaleOrientation.m in Sources */,
				A7438B610D8C48B795A085AD /* CDVCamera.m in Sources */,
				5B3D7231B5E64459B0791BD6 /* CDVJpegHeaderWriter.m in Sources */,
				5D6EE67684D0454CBA74ED7E /* CDVInAppBrowserOptions.m in Sources */,
				240501315763475095158637 /* CDVInAppBrowserNavigationController.m in Sources */,
				DBD1ADACD8EC40598A89B99F /* CDVWKInAppBrowser.m in Sources */,
				BE5E105E1A224A11816F5472 /* CDVWKInAppBrowserUIDelegate.m in Sources */,
				8C7AB46391174E8B971C307D /* APPPrinter.m in Sources */,
				ED450F84DE92465293D9DA8D /* APPPrinterInfo.m in Sources */,
				048B72237722488CAEF80162 /* APPPrinterItem.m in Sources */,
				6041486C35D045A8868082BB /* APPPrinterLayout.m in Sources */,
				27AD2ECFDC1C41CD975902CD /* APPPrinterPaper.m in Sources */,
				678AFEA7B40A4E479358A26A /* APPPrinterRenderer.m in Sources */,
				E21ECA13011A489E9ED27E79 /* APPPrinterFont.m in Sources */,
				8516844D3FE14FA3A78A029C /* APPPrinterUnit.m in Sources */,
				E8DA2D3BB8EA4C888D674C04 /* UIPrintInteractionController+APPPrinter.m in Sources */,
				BDC15F999F2F48B48402AAFE /* CDVWKWebViewFileXhr.m in Sources */,
				0932A71114224C88BB4E56A7 /* SQLitePlugin.m in Sources */,
				821A76D1A6724F59A894179A /* CustomPSPDFThreadSafeMutableDictionary.m in Sources */,
				82243AE9A2654CC38B798C7B /* sqlite3.c in Sources */,
			);
			runOnlyForDeploymentPostprocessing = 0;
		};
/* End PBXSourcesBuildPhase section */

/* Begin PBXTargetDependency section */
		301BF551109A68C00062928A /* PBXTargetDependency */ = {
			isa = PBXTargetDependency;
			name = CordovaLib;
			targetProxy = 301BF550109A68C00062928A /* PBXContainerItemProxy */;
		};
/* End PBXTargetDependency section */

/* Begin XCBuildConfiguration section */
		1D6058940D05DD3E006BFB54 /* Debug */ = {
			isa = XCBuildConfiguration;
			baseConfigurationReference = 3047A50F1AB8059700498E2A /* build-debug.xcconfig */;
			buildSettings = {
				ALWAYS_SEARCH_USER_PATHS = NO;
				ASSETCATALOG_COMPILER_APPICON_NAME = AppIcon;
				CLANG_ENABLE_MODULES = YES;
				CLANG_ENABLE_OBJC_ARC = YES;
				CODE_SIGN_IDENTITY = "Apple Development";
				CODE_SIGN_STYLE = Automatic;
				COPY_PHASE_STRIP = NO;
				DEVELOPMENT_TEAM = 5W676X87Z3;
				GCC_DYNAMIC_NO_PIC = NO;
				GCC_OPTIMIZATION_LEVEL = 0;
				GCC_PRECOMPILE_PREFIX_HEADER = YES;
				GCC_PREFIX_HEADER = "WeSign QA/WeSign QA-Prefix.pch";
				GCC_THUMB_SUPPORT = NO;
				GCC_VERSION = "";
				INFOPLIST_FILE = "WeSign QA/WeSign QA-Info.plist";
				IPHONEOS_DEPLOYMENT_TARGET = 11.0;
				LD_RUNPATH_SEARCH_PATHS = "@executable_path/Frameworks";
				PRODUCT_BUNDLE_IDENTIFIER = CMTALT;
				PRODUCT_NAME = "$(TARGET_NAME)";
				PROVISIONING_PROFILE_SPECIFIER = "";
				SUPPORTED_PLATFORMS = "iphoneos iphonesimulator";
				SUPPORTS_MACCATALYST = NO;
				SUPPORTS_MAC_DESIGNED_FOR_IPHONE_IPAD = NO;
				TARGETED_DEVICE_FAMILY = 2;
				VALIDATE_WORKSPACE = NO;
			};
			name = Debug;
		};
		1D6058950D05DD3E006BFB54 /* Release */ = {
			isa = XCBuildConfiguration;
			baseConfigurationReference = 3047A5101AB8059700498E2A /* build-release.xcconfig */;
			buildSettings = {
				ALWAYS_SEARCH_USER_PATHS = NO;
				ASSETCATALOG_COMPILER_APPICON_NAME = AppIcon;
				CLANG_ENABLE_MODULES = YES;
				CLANG_ENABLE_OBJC_ARC = YES;
				CODE_SIGN_IDENTITY = "Apple Development";
				CODE_SIGN_STYLE = Automatic;
				COPY_PHASE_STRIP = YES;
				DEVELOPMENT_TEAM = 5W676X87Z3;
				GCC_PRECOMPILE_PREFIX_HEADER = YES;
				GCC_PREFIX_HEADER = "WeSign QA/WeSign QA-Prefix.pch";
				GCC_THUMB_SUPPORT = NO;
				GCC_VERSION = "";
				INFOPLIST_FILE = "WeSign QA/WeSign QA-Info.plist";
				IPHONEOS_DEPLOYMENT_TARGET = 11.0;
				LD_RUNPATH_SEARCH_PATHS = "@executable_path/Frameworks";
				PRODUCT_BUNDLE_IDENTIFIER = CMTALT;
				PRODUCT_NAME = "$(TARGET_NAME)";
				PROVISIONING_PROFILE_SPECIFIER = "";
				SUPPORTED_PLATFORMS = "iphoneos iphonesimulator";
				SUPPORTS_MACCATALYST = NO;
				SUPPORTS_MAC_DESIGNED_FOR_IPHONE_IPAD = NO;
				TARGETED_DEVICE_FAMILY = 2;
				VALIDATE_WORKSPACE = NO;
			};
			name = Release;
		};
		C01FCF4F08A954540054247B /* Debug */ = {
			isa = XCBuildConfiguration;
			baseConfigurationReference = 3047A5111AB8059700498E2A /* build.xcconfig */;
			buildSettings = {
				ASSETCATALOG_COMPILER_GENERATE_SWIFT_ASSET_SYMBOL_EXTENSIONS = YES;
				CLANG_ANALYZER_LOCALIZABILITY_NONLOCALIZED = YES;
				CLANG_ENABLE_MODULES = YES;
				CLANG_ENABLE_OBJC_ARC = YES;
				CLANG_WARN_BLOCK_CAPTURE_AUTORELEASING = YES;
				CLANG_WARN_BOOL_CONVERSION = YES;
				CLANG_WARN_COMMA = YES;
				CLANG_WARN_CONSTANT_CONVERSION = YES;
				CLANG_WARN_DEPRECATED_OBJC_IMPLEMENTATIONS = YES;
				CLANG_WARN_EMPTY_BODY = YES;
				CLANG_WARN_ENUM_CONVERSION = YES;
				CLANG_WARN_INFINITE_RECURSION = YES;
				CLANG_WARN_INT_CONVERSION = YES;
				CLANG_WARN_NON_LITERAL_NULL_CONVERSION = YES;
				CLANG_WARN_OBJC_IMPLICIT_RETAIN_SELF = YES;
				CLANG_WARN_OBJC_LITERAL_CONVERSION = YES;
				CLANG_WARN_QUOTED_INCLUDE_IN_FRAMEWORK_HEADER = YES;
				CLANG_WARN_RANGE_LOOP_ANALYSIS = YES;
				CLANG_WARN_STRICT_PROTOTYPES = YES;
				CLANG_WARN_SUSPICIOUS_MOVE = YES;
				CLANG_WARN_UNREACHABLE_CODE = YES;
				CLANG_WARN__DUPLICATE_METHOD_MATCH = YES;
				ENABLE_STRICT_OBJC_MSGSEND = YES;
				ENABLE_TESTABILITY = YES;
				ENABLE_USER_SCRIPT_SANDBOXING = NO;
				GCC_C_LANGUAGE_STANDARD = c99;
				GCC_NO_COMMON_BLOCKS = YES;
				GCC_THUMB_SUPPORT = NO;
				GCC_VERSION = "";
				GCC_WARN_64_TO_32_BIT_CONVERSION = YES;
				GCC_WARN_ABOUT_RETURN_TYPE = YES;
				GCC_WARN_UNDECLARED_SELECTOR = YES;
				GCC_WARN_UNINITIALIZED_AUTOS = YES;
				GCC_WARN_UNUSED_FUNCTION = YES;
				GCC_WARN_UNUSED_VARIABLE = YES;
				MERGED_BINARY_TYPE = automatic;
				ONLY_ACTIVE_ARCH = YES;
				SDKROOT = iphoneos;
				SKIP_INSTALL = NO;
				TARGETED_DEVICE_FAMILY = 2;
				WK_WEB_VIEW_ONLY = 1;
			};
			name = Debug;
		};
		C01FCF5008A954540054247B /* Release */ = {
			isa = XCBuildConfiguration;
			baseConfigurationReference = 3047A5111AB8059700498E2A /* build.xcconfig */;
			buildSettings = {
				ASSETCATALOG_COMPILER_GENERATE_SWIFT_ASSET_SYMBOL_EXTENSIONS = YES;
				CLANG_ANALYZER_LOCALIZABILITY_NONLOCALIZED = YES;
				CLANG_ENABLE_MODULES = YES;
				CLANG_ENABLE_OBJC_ARC = YES;
				CLANG_WARN_BLOCK_CAPTURE_AUTORELEASING = YES;
				CLANG_WARN_BOOL_CONVERSION = YES;
				CLANG_WARN_COMMA = YES;
				CLANG_WARN_CONSTANT_CONVERSION = YES;
				CLANG_WARN_DEPRECATED_OBJC_IMPLEMENTATIONS = YES;
				CLANG_WARN_EMPTY_BODY = YES;
				CLANG_WARN_ENUM_CONVERSION = YES;
				CLANG_WARN_INFINITE_RECURSION = YES;
				CLANG_WARN_INT_CONVERSION = YES;
				CLANG_WARN_NON_LITERAL_NULL_CONVERSION = YES;
				CLANG_WARN_OBJC_IMPLICIT_RETAIN_SELF = YES;
				CLANG_WARN_OBJC_LITERAL_CONVERSION = YES;
				CLANG_WARN_QUOTED_INCLUDE_IN_FRAMEWORK_HEADER = YES;
				CLANG_WARN_RANGE_LOOP_ANALYSIS = YES;
				CLANG_WARN_STRICT_PROTOTYPES = YES;
				CLANG_WARN_SUSPICIOUS_MOVE = YES;
				CLANG_WARN_UNREACHABLE_CODE = YES;
				CLANG_WARN__DUPLICATE_METHOD_MATCH = YES;
				ENABLE_STRICT_OBJC_MSGSEND = YES;
				ENABLE_USER_SCRIPT_SANDBOXING = NO;
				GCC_C_LANGUAGE_STANDARD = c99;
				GCC_NO_COMMON_BLOCKS = YES;
				GCC_THUMB_SUPPORT = NO;
				GCC_VERSION = "";
				GCC_WARN_64_TO_32_BIT_CONVERSION = YES;
				GCC_WARN_ABOUT_RETURN_TYPE = YES;
				GCC_WARN_UNDECLARED_SELECTOR = YES;
				GCC_WARN_UNINITIALIZED_AUTOS = YES;
				GCC_WARN_UNUSED_FUNCTION = YES;
				GCC_WARN_UNUSED_VARIABLE = YES;
				MERGED_BINARY_TYPE = automatic;
				SDKROOT = iphoneos;
				SKIP_INSTALL = NO;
				TARGETED_DEVICE_FAMILY = 2;
				WK_WEB_VIEW_ONLY = 1;
			};
			name = Release;
		};
/* End XCBuildConfiguration section */

/* Begin XCConfigurationList section */
		1D6058960D05DD3E006BFB54 /* Build configuration list for PBXNativeTarget "WeSign QA" */ = {
			isa = XCConfigurationList;
			buildConfigurations = (
				1D6058940D05DD3E006BFB54 /* Debug */,
				1D6058950D05DD3E006BFB54 /* Release */,
			);
			defaultConfigurationIsVisible = 0;
			defaultConfigurationName = Release;
		};
		C01FCF4E08A954540054247B /* Build configuration list for PBXProject "WeSign QA" */ = {
			isa = XCConfigurationList;
			buildConfigurations = (
				C01FCF4F08A954540054247B /* Debug */,
				C01FCF5008A954540054247B /* Release */,
			);
			defaultConfigurationIsVisible = 0;
			defaultConfigurationName = Release;
		};
/* End XCConfigurationList section */
	};
	rootObject = 29B97313FDCFA39411CA2CEA /* Project object */;
}
